
Microsoft Visual Studio Solution File, Format Version 12.00
# Visual Studio Version 16
VisualStudioVersion = 16.0.30503.244
MinimumVisualStudioVersion = 10.0.40219.1
Project("{FAE04EC0-301F-11D3-BF4B-00C04F79EFBC}") = "SignalRBingo", "SignalRBingo\SignalRBingo.csproj", "{636AA656-5D6F-45AA-9877-8F751D71B3D2}"
EndProject
Global
	GlobalSection(SolutionConfigurationPlatforms) = preSolution
		Debug|Any CPU = Debug|Any CPU
		Release|Any CPU = Release|Any CPU
	EndGlobalSection
	GlobalSection(ProjectConfigurationPlatforms) = postSolution
		{636AA656-5D6F-45AA-9877-8F751D71B3D2}.Debug|Any CPU.ActiveCfg = Debug|Any CPU
		{636AA656-5D6F-45AA-9877-8F751D71B3D2}.Debug|Any CPU.Build.0 = Debug|Any CPU
		{636AA656-5D6F-45AA-9877-8F751D71B3D2}.Release|Any CPU.ActiveCfg = Release|Any CPU
		{636AA656-5D6F-45AA-9877-8F751D71B3D2}.Release|Any CPU.Build.0 = Release|Any CPU
	EndGlobalSection
	GlobalSection(SolutionProperties) = preSolution
		HideSolutionNode = FALSE
	EndGlobalSection
	GlobalSection(ExtensibilityGlobals) = postSolution
		SolutionGuid = {936BF717-8A2E-42EB-A950-160694F8BFE1}
	EndGlobalSection
EndGlobal
